<?xml version="1.0" encoding="utf-8"?>
<Project ToolsVersion="4.0" xmlns="http://schemas.microsoft.com/developer/msbuild/2003">
  <ItemGroup>
    <Filter Include="Source Files">
      <UniqueIdentifier>{4FC737F1-C7A5-4376-A066-2A32D752A2FF}</UniqueIdentifier>
      <Extensions>cpp;c;cc;cxx;def;odl;idl;hpj;bat;asm;asmx</Extensions>
    </Filter>
    <Filter Include="Header Files">
      <UniqueIdentifier>{93995380-89BD-4b04-88EB-625FBE52EBFB}</UniqueIdentifier>
      <Extensions>h;hh;hpp;hxx;hm;inl;inc;ipp;xsd</Extensions>
    </Filter>
    <Filter Include="Resource Files">
      <UniqueIdentifier>{67DA6AB6-F800-4c08-8B7A-83BB121AAD01}</UniqueIdentifier>
      <Extensions>rc;ico;cur;bmp;dlg;rc2;rct;bin;rgs;gif;jpg;jpeg;jpe;resx;tiff;tif;png;wav;mfcribbon-ms</Extensions>
    </Filter>
    <Filter Include="Header Files\Canvas2D">
      <UniqueIdentifier>{2437f0ef-35ba-40b1-b11e-1c9a86ee2cd7}</UniqueIdentifier>
    </Filter>
    <Filter Include="Header Files\DataStructures">
      <UniqueIdentifier>{4fbb72d3-aa97-449e-97c3-e5107fe249e9}</UniqueIdentifier>
    </Filter>
    <Filter Include="Header Files\Interfaces">
      <UniqueIdentifier>{60831340-5281-4986-9bc4-40af609e1443}</UniqueIdentifier>
    </Filter>
    <Filter Include="Header Files\Serialization">
      <UniqueIdentifier>{8ecd6ad3-5a85-48cf-9e8d-c32687fa994e}</UniqueIdentifier>
    </Filter>
    <Filter Include="Header Files\World">
      <UniqueIdentifier>{a486b065-e992-4a42-8028-4b29c2b599ac}</UniqueIdentifier>
    </Filter>
    <Filter Include="Header Files\UI">
      <UniqueIdentifier>{61f870ad-b0ea-4027-bcd5-b9835462033c}</UniqueIdentifier>
    </Filter>
    <Filter Include="Header Files\Primitives">
      <UniqueIdentifier>{91eb77ea-7cac-4e07-b102-370be8b6d9b5}</UniqueIdentifier>
    </Filter>
    <Filter Include="Header Files\Helpers">
      <UniqueIdentifier>{58e5e55d-a6f2-4a42-9e2e-5006f0edbffc}</UniqueIdentifier>
    </Filter>
    <Filter Include="Source Files\Canvas2D">
      <UniqueIdentifier>{b08aa2a8-7ceb-4fb4-ada5-f28a7f0cc653}</UniqueIdentifier>
    </Filter>
    <Filter Include="Source Files\Helpers">
      <UniqueIdentifier>{366b3afc-e437-40f3-b668-4d876f4de80d}</UniqueIdentifier>
    </Filter>
    <Filter Include="Source Files\UI">
      <UniqueIdentifier>{aea6771e-6afe-4823-b06b-699d9d10dade}</UniqueIdentifier>
    </Filter>
    <Filter Include="Source Files\World">
      <UniqueIdentifier>{cb5c8168-eea9-4a6a-937f-abc841f87a70}</UniqueIdentifier>
    </Filter>
    <Filter Include="Source Files\Serialization">
      <UniqueIdentifier>{92ee1139-973e-4fc9-a0c9-336ed1b31cf2}</UniqueIdentifier>
    </Filter>
    <Filter Include="Source Files\Primitives">
      <UniqueIdentifier>{03e3848b-179f-45f9-a92b-1198e792be2e}</UniqueIdentifier>
    </Filter>
    <Filter Include="Source Files\Curves">
      <UniqueIdentifier>{8c03b1c7-743f-4dab-b893-8c18672cb5dd}</UniqueIdentifier>
    </Filter>
    <Filter Include="Header Files\Curves">
      <UniqueIdentifier>{7fb34b3e-2d9c-4126-8473-02bda400867a}</UniqueIdentifier>
    </Filter>
  </ItemGroup>
  <ItemGroup>
    <None Include="freeglut.dll" />
    <None Include="glfw3.dll" />
  </ItemGroup>
  <ItemGroup>
    <ClInclude Include="src\DataStructures\Array.h">
      <Filter>Header Files\DataStructures</Filter>
    </ClInclude>
    <ClInclude Include="src\UI\Button.h">
      <Filter>Header Files\UI</Filter>
    </ClInclude>
    <ClInclude Include="src\Canvas2D\Canvas2D.h">
      <Filter>Header Files\Canvas2D</Filter>
    </ClInclude>
    <ClInclude Include="src\Canvas2D\Canvas2DExtensions.h">
      <Filter>Header Files\Canvas2D</Filter>
    </ClInclude>
    <ClInclude Include="src\Primitives\Rect.h">
      <Filter>Header Files\Primitives</Filter>
    </ClInclude>
    <ClInclude Include="src\Primitives\Int2.h">
      <Filter>Header Files\Primitives</Filter>
    </ClInclude>
    <ClInclude Include="src\Primitives\Float2.h">
      <Filter>Header Files\Primitives</Filter>
    </ClInclude>
    <ClInclude Include="src\Primitives\Constants.h">
      <Filter>Header Files\Primitives</Filter>
    </ClInclude>
    <ClInclude Include="src\Primitives\Types.h">
      <Filter>Header Files\Primitives</Filter>
    </ClInclude>
    <ClInclude Include="src\Helpers\Callback.h">
      <Filter>Header Files\Helpers</Filter>
    </ClInclude>
    <ClInclude Include="src\World\EventSystem.h">
      <Filter>Header Files\World</Filter>
    </ClInclude>
    <ClInclude Include="src\World\Screen.h">
      <Filter>Header Files\World</Filter>
    </ClInclude>
    <ClInclude Include="src\Interfaces\IRenderable.h">
      <Filter>Header Files\Interfaces</Filter>
    </ClInclude>
    <ClInclude Include="src\Primitives\RGBAFloat.h">
      <Filter>Header Files\Primitives</Filter>
    </ClInclude>
    <ClInclude Include="src\Serialization\Serial.h">
      <Filter>Header Files\Serialization</Filter>
    </ClInclude>
    <ClInclude Include="src\Curves\BezierCurve.h">
      <Filter>Header Files\Curves</Filter>
    </ClInclude>
    <ClInclude Include="src\Helpers\Interpolation.h">
      <Filter>Header Files\Helpers</Filter>
    </ClInclude>
    <ClInclude Include="src\World\World.h">
      <Filter>Header Files\World</Filter>
    </ClInclude>
    <ClInclude Include="src\Primitives\Circle.h">
      <Filter>Header Files\Primitives</Filter>
    </ClInclude>
    <ClInclude Include="src\Primitives\Shape.h">
      <Filter>Header Files\Primitives</Filter>
    </ClInclude>
  </ItemGroup>
  <ItemGroup>
    <ClCompile Include="src\UI\Button.cpp">
      <Filter>Source Files\UI</Filter>
    </ClCompile>
    <ClCompile Include="src\Canvas2D\Canvas2D.cpp">
      <Filter>Source Files\Canvas2D</Filter>
    </ClCompile>
    <ClCompile Include="src\Canvas2D\Canvas2DExtensions.cpp">
      <Filter>Source Files\Canvas2D</Filter>
    </ClCompile>
    <ClCompile Include="src\Primitives\Float2.cpp">
      <Filter>Source Files\Primitives</Filter>
    </ClCompile>
    <ClCompile Include="src\Primitives\Int2.cpp">
      <Filter>Source Files\Primitives</Filter>
    </ClCompile>
    <ClCompile Include="src\World\EventSystem.cpp">
      <Filter>Source Files\World</Filter>
    </ClCompile>
    <ClCompile Include="src\World\Main.cpp">
      <Filter>Source Files\World</Filter>
    </ClCompile>
    <ClCompile Include="src\Helpers\Callback.cpp">
      <Filter>Source Files\Helpers</Filter>
    </ClCompile>
    <ClCompile Include="src\Primitives\Rect.cpp">
      <Filter>Source Files\Primitives</Filter>
    </ClCompile>
    <ClCompile Include="src\Serialization\Serial.cpp">
      <Filter>Source Files\Serialization</Filter>
    </ClCompile>
    <ClCompile Include="src\World\Screen.cpp">
      <Filter>Source Files\World</Filter>
    </ClCompile>
    <ClCompile Include="src\Primitives\RGBAFloat.cpp">
      <Filter>Source Files\Primitives</Filter>
    </ClCompile>
    <ClCompile Include="src\Curves\BezierCurve.cpp">
      <Filter>Source Files\Curves</Filter>
    </ClCompile>
    <ClCompile Include="src\World\World.cpp">
      <Filter>Source Files\World</Filter>
    </ClCompile>
    <ClCompile Include="src\Primitives\Circle.cpp">
      <Filter>Header Files\Primitives</Filter>
    </ClCompile>
  </ItemGroup>
</Project>